# Electronics Ledger — Playwright Tests

Automated test suite for https://electronics-ledger.netlify.app

## Tests
- **Smoke** — checks app loads correctly
- **API response handling** - tests dashboard with mock data
- **Offline banner** — checks offline warning appears

## Results
7 tests · 7 passed · 0 failed

## How to run
npm install
npx playwright install
npx playwright test
